
Microsoft Visual Studio Solution File, Format Version 12.00
# Visual Studio Version 16
VisualStudioVersion = 16.0.29009.5
MinimumVisualStudioVersion = 10.0.40219.1
Project("{FAE04EC0-301F-11D3-BF4B-00C04F79EFBC}") = "AlgoritmiHarjoitustyo", "AlgoritmiHarjoitustyo.csproj", "{0643A216-7F11-41AA-ABCA-BEFAAB00F7F7}"
EndProject
Global
	GlobalSection(SolutionConfigurationPlatforms) = preSolution
		Debug|Any CPU = Debug|Any CPU
		Release|Any CPU = Release|Any CPU
	EndGlobalSection
	GlobalSection(ProjectConfigurationPlatforms) = postSolution
		{0643A216-7F11-41AA-ABCA-BEFAAB00F7F7}.Debug|Any CPU.ActiveCfg = Debug|Any CPU
		{0643A216-7F11-41AA-ABCA-BEFAAB00F7F7}.Debug|Any CPU.Build.0 = Debug|Any CPU
		{0643A216-7F11-41AA-ABCA-BEFAAB00F7F7}.Release|Any CPU.ActiveCfg = Release|Any CPU
		{0643A216-7F11-41AA-ABCA-BEFAAB00F7F7}.Release|Any CPU.Build.0 = Release|Any CPU
	EndGlobalSection
	GlobalSection(SolutionProperties) = preSolution
		HideSolutionNode = FALSE
	EndGlobalSection
	GlobalSection(ExtensibilityGlobals) = postSolution
		SolutionGuid = {447E7079-C35F-41D9-B246-4123A4521C17}
	EndGlobalSection
EndGlobal
